
Microsoft Visual Studio Solution File, Format Version 12.00
# Visual Studio Version 17
VisualStudioVersion = 17.0.32112.339
MinimumVisualStudioVersion = 10.0.40219.1
Project("{9A19103F-16F7-4668-BE54-9A1E7A4F7556}") = "GibUserSync", "GibUserSync.csproj", "{1AF0ED5B-E5D2-43F0-A62C-F093A6651264}"
EndProject
Project("{FAE04EC0-301F-11D3-BF4B-00C04F79EFBC}") = "GibUsers.Api", "..\GibUsers.Api\GibUsers.Api.csproj", "{56B26672-9A29-4C4B-B231-9FBFE55B4E4A}"
EndProject
Global
	GlobalSection(SolutionConfigurationPlatforms) = preSolution
		Debug|Any CPU = Debug|Any CPU
		Release|Any CPU = Release|Any CPU
	EndGlobalSection
	GlobalSection(ProjectConfigurationPlatforms) = postSolution
		{1AF0ED5B-E5D2-43F0-A62C-F093A6651264}.Debug|Any CPU.ActiveCfg = Debug|Any CPU
		{1AF0ED5B-E5D2-43F0-A62C-F093A6651264}.Debug|Any CPU.Build.0 = Debug|Any CPU
		{1AF0ED5B-E5D2-43F0-A62C-F093A6651264}.Release|Any CPU.ActiveCfg = Release|Any CPU
		{1AF0ED5B-E5D2-43F0-A62C-F093A6651264}.Release|Any CPU.Build.0 = Release|Any CPU
		{56B26672-9A29-4C4B-B231-9FBFE55B4E4A}.Debug|Any CPU.ActiveCfg = Debug|Any CPU
		{56B26672-9A29-4C4B-B231-9FBFE55B4E4A}.Debug|Any CPU.Build.0 = Debug|Any CPU
		{56B26672-9A29-4C4B-B231-9FBFE55B4E4A}.Release|Any CPU.ActiveCfg = Release|Any CPU
		{56B26672-9A29-4C4B-B231-9FBFE55B4E4A}.Release|Any CPU.Build.0 = Release|Any CPU
	EndGlobalSection
	GlobalSection(SolutionProperties) = preSolution
		HideSolutionNode = FALSE
	EndGlobalSection
	GlobalSection(ExtensibilityGlobals) = postSolution
		SolutionGuid = {C0CAEEF5-9CAE-4D4E-B8C1-5CDFE36E6D8D}
	EndGlobalSection
EndGlobal
